
Microsoft Visual Studio Solution File, Format Version 12.00
# Visual Studio Version 17
VisualStudioVersion = 17.7.33711.374
MinimumVisualStudioVersion = 10.0.40219.1
Project("{9A19103F-16F7-4668-BE54-9A1E7A4F7556}") = "AssessmentVipin", "AssessmentVipin.csproj", "{D2DBCD83-387E-4D86-8715-F23EA8989170}"
EndProject
Project("{9A19103F-16F7-4668-BE54-9A1E7A4F7556}") = "AssessmentVipin.Core", "..\AssesmentVipin.Core\AssessmentVipin.Core.csproj", "{19E6C5FD-924B-4654-88D3-56A741AF42A2}"
EndProject
Project("{FAE04EC0-301F-11D3-BF4B-00C04F79EFBC}") = "AssessmentVipin.Core.UnitTest", "..\AssesmentVipin.Core.UnitTest\AssessmentVipin.Core.UnitTest.csproj", "{6BA88D6F-805A-4686-82F6-254A2676FD6D}"
EndProject
Project("{2150E333-8FDC-42A3-9474-1A3956D46DE8}") = "Tests", "Tests", "{2C2D98DE-4B48-48C1-B727-ECE743013DAB}"
EndProject
Global
	GlobalSection(SolutionConfigurationPlatforms) = preSolution
		Debug|Any CPU = Debug|Any CPU
		Release|Any CPU = Release|Any CPU
	EndGlobalSection
	GlobalSection(ProjectConfigurationPlatforms) = postSolution
		{D2DBCD83-387E-4D86-8715-F23EA8989170}.Debug|Any CPU.ActiveCfg = Debug|Any CPU
		{D2DBCD83-387E-4D86-8715-F23EA8989170}.Debug|Any CPU.Build.0 = Debug|Any CPU
		{D2DBCD83-387E-4D86-8715-F23EA8989170}.Release|Any CPU.ActiveCfg = Release|Any CPU
		{D2DBCD83-387E-4D86-8715-F23EA8989170}.Release|Any CPU.Build.0 = Release|Any CPU
		{19E6C5FD-924B-4654-88D3-56A741AF42A2}.Debug|Any CPU.ActiveCfg = Debug|Any CPU
		{19E6C5FD-924B-4654-88D3-56A741AF42A2}.Debug|Any CPU.Build.0 = Debug|Any CPU
		{19E6C5FD-924B-4654-88D3-56A741AF42A2}.Release|Any CPU.ActiveCfg = Release|Any CPU
		{19E6C5FD-924B-4654-88D3-56A741AF42A2}.Release|Any CPU.Build.0 = Release|Any CPU
		{6BA88D6F-805A-4686-82F6-254A2676FD6D}.Debug|Any CPU.ActiveCfg = Debug|Any CPU
		{6BA88D6F-805A-4686-82F6-254A2676FD6D}.Debug|Any CPU.Build.0 = Debug|Any CPU
		{6BA88D6F-805A-4686-82F6-254A2676FD6D}.Release|Any CPU.ActiveCfg = Release|Any CPU
		{6BA88D6F-805A-4686-82F6-254A2676FD6D}.Release|Any CPU.Build.0 = Release|Any CPU
	EndGlobalSection
	GlobalSection(SolutionProperties) = preSolution
		HideSolutionNode = FALSE
	EndGlobalSection
	GlobalSection(NestedProjects) = preSolution
		{6BA88D6F-805A-4686-82F6-254A2676FD6D} = {2C2D98DE-4B48-48C1-B727-ECE743013DAB}
	EndGlobalSection
	GlobalSection(ExtensibilityGlobals) = postSolution
		SolutionGuid = {B1B25ED3-83A9-44FB-9D66-3BAD94CD29D8}
	EndGlobalSection
EndGlobal
